
Microsoft Visual Studio Solution File, Format Version 12.00
# Visual Studio Version 17
VisualStudioVersion = 17.14.36408.4 d17.14
MinimumVisualStudioVersion = 10.0.40219.1
Project("{FAE04EC0-301F-11D3-BF4B-00C04F79EFBC}") = "Latihan_antar_form", "Latihan_antar_form\Latihan_antar_form.csproj", "{6F160737-6D71-4D5B-A60E-05C7CA7769FC}"
EndProject
Global
	GlobalSection(SolutionConfigurationPlatforms) = preSolution
		Debug|Any CPU = Debug|Any CPU
		Release|Any CPU = Release|Any CPU
	EndGlobalSection
	GlobalSection(ProjectConfigurationPlatforms) = postSolution
		{6F160737-6D71-4D5B-A60E-05C7CA7769FC}.Debug|Any CPU.ActiveCfg = Debug|Any CPU
		{6F160737-6D71-4D5B-A60E-05C7CA7769FC}.Debug|Any CPU.Build.0 = Debug|Any CPU
		{6F160737-6D71-4D5B-A60E-05C7CA7769FC}.Release|Any CPU.ActiveCfg = Release|Any CPU
		{6F160737-6D71-4D5B-A60E-05C7CA7769FC}.Release|Any CPU.Build.0 = Release|Any CPU
	EndGlobalSection
	GlobalSection(SolutionProperties) = preSolution
		HideSolutionNode = FALSE
	EndGlobalSection
	GlobalSection(ExtensibilityGlobals) = postSolution
		SolutionGuid = {BC793C14-E38D-48CC-B3D9-EC2136D91D88}
	EndGlobalSection
EndGlobal
