
Microsoft Visual Studio Solution File, Format Version 12.00
# Visual Studio Version 17
VisualStudioVersion = 17.14.36616.10 d17.14
MinimumVisualStudioVersion = 10.0.40219.1
Project("{FAE04EC0-301F-11D3-BF4B-00C04F79EFBC}") = "Interaksi antar Form", "Interaksi antar Form\Interaksi antar Form.csproj", "{AAEEC72D-6AC7-4A92-857C-78A06A5C3598}"
EndProject
Global
	GlobalSection(SolutionConfigurationPlatforms) = preSolution
		Debug|Any CPU = Debug|Any CPU
		Release|Any CPU = Release|Any CPU
	EndGlobalSection
	GlobalSection(ProjectConfigurationPlatforms) = postSolution
		{AAEEC72D-6AC7-4A92-857C-78A06A5C3598}.Debug|Any CPU.ActiveCfg = Debug|Any CPU
		{AAEEC72D-6AC7-4A92-857C-78A06A5C3598}.Debug|Any CPU.Build.0 = Debug|Any CPU
		{AAEEC72D-6AC7-4A92-857C-78A06A5C3598}.Release|Any CPU.ActiveCfg = Release|Any CPU
		{AAEEC72D-6AC7-4A92-857C-78A06A5C3598}.Release|Any CPU.Build.0 = Release|Any CPU
	EndGlobalSection
	GlobalSection(SolutionProperties) = preSolution
		HideSolutionNode = FALSE
	EndGlobalSection
	GlobalSection(ExtensibilityGlobals) = postSolution
		SolutionGuid = {BC0B43DA-6FBB-4134-8E63-4D90AB826A9B}
	EndGlobalSection
EndGlobal
